
Microsoft Visual Studio Solution File, Format Version 12.00
# Visual Studio 15
VisualStudioVersion = 15.0.27703.2042
MinimumVisualStudioVersion = 10.0.40219.1
Project("{9A19103F-16F7-4668-BE54-9A1E7A4F7556}") = "WebServer", "WebServer\WebServer.csproj", "{D625A740-FB7D-446C-BD55-FF958F8BD6E0}"
EndProject
Project("{9A19103F-16F7-4668-BE54-9A1E7A4F7556}") = "Demo", "Demo\Demo.csproj", "{D18D4FEC-DADE-4384-B3EB-387B25EE8C84}"
EndProject
Project("{9A19103F-16F7-4668-BE54-9A1E7A4F7556}") = "HTTP", "HTTP\HTTP.csproj", "{DD30B9EF-781E-47A5-86CF-8A636E2828D4}"
EndProject
Project("{9A19103F-16F7-4668-BE54-9A1E7A4F7556}") = "CakeApp", "CakeApp\CakeApp.csproj", "{5802274E-F7BF-49ED-9870-1A207F9BEC02}"
EndProject
Project("{FAE04EC0-301F-11D3-BF4B-00C04F79EFBC}") = "IRunes", "IRunes\IRunes.csproj", "{2089801A-D5A6-4182-AC8D-99D8F89BA7D2}"
EndProject
Global
	GlobalSection(SolutionConfigurationPlatforms) = preSolution
		Debug|Any CPU = Debug|Any CPU
		Release|Any CPU = Release|Any CPU
	EndGlobalSection
	GlobalSection(ProjectConfigurationPlatforms) = postSolution
		{D625A740-FB7D-446C-BD55-FF958F8BD6E0}.Debug|Any CPU.ActiveCfg = Debug|Any CPU
		{D625A740-FB7D-446C-BD55-FF958F8BD6E0}.Debug|Any CPU.Build.0 = Debug|Any CPU
		{D625A740-FB7D-446C-BD55-FF958F8BD6E0}.Release|Any CPU.ActiveCfg = Release|Any CPU
		{D625A740-FB7D-446C-BD55-FF958F8BD6E0}.Release|Any CPU.Build.0 = Release|Any CPU
		{D18D4FEC-DADE-4384-B3EB-387B25EE8C84}.Debug|Any CPU.ActiveCfg = Debug|Any CPU
		{D18D4FEC-DADE-4384-B3EB-387B25EE8C84}.Debug|Any CPU.Build.0 = Debug|Any CPU
		{D18D4FEC-DADE-4384-B3EB-387B25EE8C84}.Release|Any CPU.ActiveCfg = Release|Any CPU
		{D18D4FEC-DADE-4384-B3EB-387B25EE8C84}.Release|Any CPU.Build.0 = Release|Any CPU
		{DD30B9EF-781E-47A5-86CF-8A636E2828D4}.Debug|Any CPU.ActiveCfg = Debug|Any CPU
		{DD30B9EF-781E-47A5-86CF-8A636E2828D4}.Debug|Any CPU.Build.0 = Debug|Any CPU
		{DD30B9EF-781E-47A5-86CF-8A636E2828D4}.Release|Any CPU.ActiveCfg = Release|Any CPU
		{DD30B9EF-781E-47A5-86CF-8A636E2828D4}.Release|Any CPU.Build.0 = Release|Any CPU
		{5802274E-F7BF-49ED-9870-1A207F9BEC02}.Debug|Any CPU.ActiveCfg = Debug|Any CPU
		{5802274E-F7BF-49ED-9870-1A207F9BEC02}.Debug|Any CPU.Build.0 = Debug|Any CPU
		{5802274E-F7BF-49ED-9870-1A207F9BEC02}.Release|Any CPU.ActiveCfg = Release|Any CPU
		{5802274E-F7BF-49ED-9870-1A207F9BEC02}.Release|Any CPU.Build.0 = Release|Any CPU
		{2089801A-D5A6-4182-AC8D-99D8F89BA7D2}.Debug|Any CPU.ActiveCfg = Debug|Any CPU
		{2089801A-D5A6-4182-AC8D-99D8F89BA7D2}.Debug|Any CPU.Build.0 = Debug|Any CPU
		{2089801A-D5A6-4182-AC8D-99D8F89BA7D2}.Release|Any CPU.ActiveCfg = Release|Any CPU
		{2089801A-D5A6-4182-AC8D-99D8F89BA7D2}.Release|Any CPU.Build.0 = Release|Any CPU
	EndGlobalSection
	GlobalSection(SolutionProperties) = preSolution
		HideSolutionNode = FALSE
	EndGlobalSection
	GlobalSection(ExtensibilityGlobals) = postSolution
		SolutionGuid = {15778FF8-99FA-4840-A4F1-9B88F02EEA32}
	EndGlobalSection
EndGlobal
